
Microsoft Visual Studio Solution File, Format Version 12.00
# Visual Studio 15
VisualStudioVersion = 15.0.28307.852
MinimumVisualStudioVersion = 10.0.40219.1
Project("{FAE04EC0-301F-11D3-BF4B-00C04F79EFBC}") = "HelloWorldWebAPI", "HelloWorldWebAPI\HelloWorldWebAPI.csproj", "{367DCAF6-91F2-482B-98AE-EB570568F787}"
EndProject
Project("{FAE04EC0-301F-11D3-BF4B-00C04F79EFBC}") = "HelloWorldWebAPI.Tests", "HelloWorldWebAPI.Tests\HelloWorldWebAPI.Tests.csproj", "{FC4945B5-873C-4399-A012-95F8D1128012}"
EndProject
Project("{FAE04EC0-301F-11D3-BF4B-00C04F79EFBC}") = "HelloWorldRepository", "HelloWorldRepository\HelloWorldRepository.csproj", "{8F8C1C53-5579-4B7B-8D0A-0C072915C6D7}"
EndProject
Project("{FAE04EC0-301F-11D3-BF4B-00C04F79EFBC}") = "HelloWorldConsoleApp", "HelloWorldConsoleApp\HelloWorldConsoleApp.csproj", "{BF23E1B4-5243-4E20-BD4F-5FBE34F11F10}"
EndProject
Global
	GlobalSection(SolutionConfigurationPlatforms) = preSolution
		Debug|Any CPU = Debug|Any CPU
		Release|Any CPU = Release|Any CPU
	EndGlobalSection
	GlobalSection(ProjectConfigurationPlatforms) = postSolution
		{367DCAF6-91F2-482B-98AE-EB570568F787}.Debug|Any CPU.ActiveCfg = Debug|Any CPU
		{367DCAF6-91F2-482B-98AE-EB570568F787}.Debug|Any CPU.Build.0 = Debug|Any CPU
		{367DCAF6-91F2-482B-98AE-EB570568F787}.Release|Any CPU.ActiveCfg = Release|Any CPU
		{367DCAF6-91F2-482B-98AE-EB570568F787}.Release|Any CPU.Build.0 = Release|Any CPU
		{FC4945B5-873C-4399-A012-95F8D1128012}.Debug|Any CPU.ActiveCfg = Debug|Any CPU
		{FC4945B5-873C-4399-A012-95F8D1128012}.Debug|Any CPU.Build.0 = Debug|Any CPU
		{FC4945B5-873C-4399-A012-95F8D1128012}.Release|Any CPU.ActiveCfg = Release|Any CPU
		{FC4945B5-873C-4399-A012-95F8D1128012}.Release|Any CPU.Build.0 = Release|Any CPU
		{8F8C1C53-5579-4B7B-8D0A-0C072915C6D7}.Debug|Any CPU.ActiveCfg = Debug|Any CPU
		{8F8C1C53-5579-4B7B-8D0A-0C072915C6D7}.Debug|Any CPU.Build.0 = Debug|Any CPU
		{8F8C1C53-5579-4B7B-8D0A-0C072915C6D7}.Release|Any CPU.ActiveCfg = Release|Any CPU
		{8F8C1C53-5579-4B7B-8D0A-0C072915C6D7}.Release|Any CPU.Build.0 = Release|Any CPU
		{BF23E1B4-5243-4E20-BD4F-5FBE34F11F10}.Debug|Any CPU.ActiveCfg = Debug|Any CPU
		{BF23E1B4-5243-4E20-BD4F-5FBE34F11F10}.Debug|Any CPU.Build.0 = Debug|Any CPU
		{BF23E1B4-5243-4E20-BD4F-5FBE34F11F10}.Release|Any CPU.ActiveCfg = Release|Any CPU
		{BF23E1B4-5243-4E20-BD4F-5FBE34F11F10}.Release|Any CPU.Build.0 = Release|Any CPU
	EndGlobalSection
	GlobalSection(SolutionProperties) = preSolution
		HideSolutionNode = FALSE
	EndGlobalSection
	GlobalSection(ExtensibilityGlobals) = postSolution
		SolutionGuid = {C20D3070-5148-4DB3-BB91-030FBE7710AF}
	EndGlobalSection
EndGlobal
